
Microsoft Visual Studio Solution File, Format Version 12.00
# Visual Studio Version 17
VisualStudioVersion = 17.0.31903.59
MinimumVisualStudioVersion = 10.0.40219.1
Project("{2150E333-8FDC-42A3-9474-1A3956D46DE8}") = "bcl", "bcl", "{1577D06C-2BBF-42DD-8396-7769DA9EAFFD}"
EndProject
Project("{FAE04EC0-301F-11D3-BF4B-00C04F79EFBC}") = "Jolt9.Core", "bcl\Core\Jolt9.Core.csproj", "{FD2E9B70-BAE7-4A65-9FAD-223E2D184155}"
EndProject
Project("{FAE04EC0-301F-11D3-BF4B-00C04F79EFBC}") = "Jolt9.Bcl.Tests", "bcl\Bcl.Tests\Jolt9.Bcl.Tests.csproj", "{245AD1C6-5B6F-4C96-897F-C8AA4E7EC235}"
EndProject
Project("{2150E333-8FDC-42A3-9474-1A3956D46DE8}") = "apps", "apps", "{3B9C0B32-A2D6-4EA9-AC9F-609E89D472D3}"
EndProject
Project("{2150E333-8FDC-42A3-9474-1A3956D46DE8}") = "jolt9", "jolt9", "{ECE7164C-8C2A-4031-8E8A-D35E8829F5EA}"
EndProject
Project("{FAE04EC0-301F-11D3-BF4B-00C04F79EFBC}") = "Jolt9.ServiceDefaults", "apps\jolt9\ServiceDefaults\Jolt9.ServiceDefaults.csproj", "{C325ADDB-AC64-4333-A3CB-C2A1D40A6287}"
EndProject
Project("{FAE04EC0-301F-11D3-BF4B-00C04F79EFBC}") = "Jolt9.Api.Service", "apps\jolt9\Api.Service\Jolt9.Api.Service.csproj", "{D9145475-345A-4723-8999-83DE6C406993}"
EndProject
Project("{FAE04EC0-301F-11D3-BF4B-00C04F79EFBC}") = "Jolt9.AppHost", "apps\jolt9\AppHost\Jolt9.AppHost.csproj", "{122D8BF8-1F79-4B71-B665-55B8B3F23CF1}"
EndProject
Global
	GlobalSection(SolutionConfigurationPlatforms) = preSolution
		Debug|Any CPU = Debug|Any CPU
		Release|Any CPU = Release|Any CPU
	EndGlobalSection
	GlobalSection(SolutionProperties) = preSolution
		HideSolutionNode = FALSE
	EndGlobalSection
	GlobalSection(ProjectConfigurationPlatforms) = postSolution
		{FD2E9B70-BAE7-4A65-9FAD-223E2D184155}.Debug|Any CPU.ActiveCfg = Debug|Any CPU
		{FD2E9B70-BAE7-4A65-9FAD-223E2D184155}.Debug|Any CPU.Build.0 = Debug|Any CPU
		{FD2E9B70-BAE7-4A65-9FAD-223E2D184155}.Release|Any CPU.ActiveCfg = Release|Any CPU
		{FD2E9B70-BAE7-4A65-9FAD-223E2D184155}.Release|Any CPU.Build.0 = Release|Any CPU
		{245AD1C6-5B6F-4C96-897F-C8AA4E7EC235}.Debug|Any CPU.ActiveCfg = Debug|Any CPU
		{245AD1C6-5B6F-4C96-897F-C8AA4E7EC235}.Debug|Any CPU.Build.0 = Debug|Any CPU
		{245AD1C6-5B6F-4C96-897F-C8AA4E7EC235}.Release|Any CPU.ActiveCfg = Release|Any CPU
		{245AD1C6-5B6F-4C96-897F-C8AA4E7EC235}.Release|Any CPU.Build.0 = Release|Any CPU
		{C325ADDB-AC64-4333-A3CB-C2A1D40A6287}.Debug|Any CPU.ActiveCfg = Debug|Any CPU
		{C325ADDB-AC64-4333-A3CB-C2A1D40A6287}.Debug|Any CPU.Build.0 = Debug|Any CPU
		{C325ADDB-AC64-4333-A3CB-C2A1D40A6287}.Release|Any CPU.ActiveCfg = Release|Any CPU
		{C325ADDB-AC64-4333-A3CB-C2A1D40A6287}.Release|Any CPU.Build.0 = Release|Any CPU
		{D9145475-345A-4723-8999-83DE6C406993}.Debug|Any CPU.ActiveCfg = Debug|Any CPU
		{D9145475-345A-4723-8999-83DE6C406993}.Debug|Any CPU.Build.0 = Debug|Any CPU
		{D9145475-345A-4723-8999-83DE6C406993}.Release|Any CPU.ActiveCfg = Release|Any CPU
		{D9145475-345A-4723-8999-83DE6C406993}.Release|Any CPU.Build.0 = Release|Any CPU
		{122D8BF8-1F79-4B71-B665-55B8B3F23CF1}.Debug|Any CPU.ActiveCfg = Debug|Any CPU
		{122D8BF8-1F79-4B71-B665-55B8B3F23CF1}.Debug|Any CPU.Build.0 = Debug|Any CPU
		{122D8BF8-1F79-4B71-B665-55B8B3F23CF1}.Release|Any CPU.ActiveCfg = Release|Any CPU
		{122D8BF8-1F79-4B71-B665-55B8B3F23CF1}.Release|Any CPU.Build.0 = Release|Any CPU
	EndGlobalSection
	GlobalSection(NestedProjects) = preSolution
		{FD2E9B70-BAE7-4A65-9FAD-223E2D184155} = {1577D06C-2BBF-42DD-8396-7769DA9EAFFD}
		{245AD1C6-5B6F-4C96-897F-C8AA4E7EC235} = {1577D06C-2BBF-42DD-8396-7769DA9EAFFD}
		{ECE7164C-8C2A-4031-8E8A-D35E8829F5EA} = {3B9C0B32-A2D6-4EA9-AC9F-609E89D472D3}
		{C325ADDB-AC64-4333-A3CB-C2A1D40A6287} = {ECE7164C-8C2A-4031-8E8A-D35E8829F5EA}
		{D9145475-345A-4723-8999-83DE6C406993} = {ECE7164C-8C2A-4031-8E8A-D35E8829F5EA}
		{122D8BF8-1F79-4B71-B665-55B8B3F23CF1} = {ECE7164C-8C2A-4031-8E8A-D35E8829F5EA}
	EndGlobalSection
EndGlobal
